{
  "name": "ds-data-registry",
  "version": "1.0.0",
  "lockfileVersion": 2,
  "requires": true,
  "packages": {
    "": {
      "name": "ds-data-registry",
      "version": "1.0.0",
      "license": "MIT",
      "devDependencies": {
        "prettier": "^1.12.1"
      }
    },
    "node_modules/prettier": {
      "version": "1.12.1",
      "resolved": "https://registry.npmjs.org/prettier/-/prettier-1.12.1.tgz",
      "integrity": "sha1-wa0g6APndJ+vkFpAnSNn4Gu+cyU=",
      "dev": true,
      "bin": {
        "prettier": "bin-prettier.js"
      },
      "engines": {
        "node": ">=4"
      }
    }
  },
  "dependencies": {
    "prettier": {
      "version": "1.12.1",
      "resolved": "https://registry.npmjs.org/prettier/-/prettier-1.12.1.tgz",
      "integrity": "sha1-wa0g6APndJ+vkFpAnSNn4Gu+cyU=",
      "dev": true
    }
  }
}
